
Microsoft Visual Studio Solution File, Format Version 12.00
# Visual Studio Version 16
VisualStudioVersion = 16.0.33214.272
MinimumVisualStudioVersion = 10.0.40219.1
Project("{9A19103F-16F7-4668-BE54-9A1E7A4F7556}") = "API_CRM", "API_CRM\API_CRM.csproj", "{0A0C8445-9AF4-43C9-914F-07BD2FE97F9E}"
EndProject
Project("{9A19103F-16F7-4668-BE54-9A1E7A4F7556}") = "CRM_View", "CRM_View\CRM_View.csproj", "{55A59123-364B-4E62-8DC1-565C21FC8710}"
EndProject
Global
	GlobalSection(SolutionConfigurationPlatforms) = preSolution
		Debug|Any CPU = Debug|Any CPU
		Release|Any CPU = Release|Any CPU
	EndGlobalSection
	GlobalSection(ProjectConfigurationPlatforms) = postSolution
		{0A0C8445-9AF4-43C9-914F-07BD2FE97F9E}.Debug|Any CPU.ActiveCfg = Debug|Any CPU
		{0A0C8445-9AF4-43C9-914F-07BD2FE97F9E}.Debug|Any CPU.Build.0 = Debug|Any CPU
		{0A0C8445-9AF4-43C9-914F-07BD2FE97F9E}.Release|Any CPU.ActiveCfg = Release|Any CPU
		{0A0C8445-9AF4-43C9-914F-07BD2FE97F9E}.Release|Any CPU.Build.0 = Release|Any CPU
		{55A59123-364B-4E62-8DC1-565C21FC8710}.Debug|Any CPU.ActiveCfg = Debug|Any CPU
		{55A59123-364B-4E62-8DC1-565C21FC8710}.Debug|Any CPU.Build.0 = Debug|Any CPU
		{55A59123-364B-4E62-8DC1-565C21FC8710}.Release|Any CPU.ActiveCfg = Release|Any CPU
		{55A59123-364B-4E62-8DC1-565C21FC8710}.Release|Any CPU.Build.0 = Release|Any CPU
	EndGlobalSection
	GlobalSection(SolutionProperties) = preSolution
		HideSolutionNode = FALSE
	EndGlobalSection
	GlobalSection(ExtensibilityGlobals) = postSolution
		SolutionGuid = {584B1F94-4039-46BC-8445-2E74708CEC98}
	EndGlobalSection
EndGlobal
